
Microsoft Visual Studio Solution File, Format Version 12.00
# Visual Studio Version 17
VisualStudioVersion = 17.12.35527.113 d17.12
MinimumVisualStudioVersion = 10.0.40219.1
Project("{FAE04EC0-301F-11D3-BF4B-00C04F79EFBC}") = "TradosStudioDocsPlugin", "TradosStudioDocsPlugin\TradosStudioDocsPlugin.csproj", "{69E2965B-3312-448E-8175-200C15929EFD}"
EndProject
Project("{FAE04EC0-301F-11D3-BF4B-00C04F79EFBC}") = "ClassLibrary1", "ClassLibrary1\ClassLibrary1.csproj", "{EBD4146B-4942-4745-A0F6-E15A2A9319F9}"
EndProject
Global
	GlobalSection(SolutionConfigurationPlatforms) = preSolution
		Debug|Any CPU = Debug|Any CPU
		Release|Any CPU = Release|Any CPU
	EndGlobalSection
	GlobalSection(ProjectConfigurationPlatforms) = postSolution
		{69E2965B-3312-448E-8175-200C15929EFD}.Debug|Any CPU.ActiveCfg = Debug|Any CPU
		{69E2965B-3312-448E-8175-200C15929EFD}.Debug|Any CPU.Build.0 = Debug|Any CPU
		{69E2965B-3312-448E-8175-200C15929EFD}.Release|Any CPU.ActiveCfg = Release|Any CPU
		{69E2965B-3312-448E-8175-200C15929EFD}.Release|Any CPU.Build.0 = Release|Any CPU
		{EBD4146B-4942-4745-A0F6-E15A2A9319F9}.Debug|Any CPU.ActiveCfg = Debug|Any CPU
		{EBD4146B-4942-4745-A0F6-E15A2A9319F9}.Debug|Any CPU.Build.0 = Debug|Any CPU
		{EBD4146B-4942-4745-A0F6-E15A2A9319F9}.Release|Any CPU.ActiveCfg = Release|Any CPU
		{EBD4146B-4942-4745-A0F6-E15A2A9319F9}.Release|Any CPU.Build.0 = Release|Any CPU
	EndGlobalSection
	GlobalSection(SolutionProperties) = preSolution
		HideSolutionNode = FALSE
	EndGlobalSection
	GlobalSection(ExtensibilityGlobals) = postSolution
		SolutionGuid = {AE506AD9-2F85-4A40-BB29-DCDE6545EF57}
	EndGlobalSection
EndGlobal
